# THIS IS AN AUTOGENERATED FILE. DO NOT EDIT THIS FILE DIRECTLY.
# yarn lockfile v1


"@esbuild/linux-x64@0.21.5":
  version "0.21.5"
  resolved "https://registry.npmjs.org/@esbuild/linux-x64/-/linux-x64-0.21.5.tgz"
  integrity sha512-1rYdTpyv03iycF1+BhzrzQJCdOuAOtaqHTWJZCWvijKD2N5Xu0TtVC8/+1faWqcP9iBCWOmjmhoH94dH82BxPQ==

"@rollup/rollup-linux-x64-gnu@4.54.0":
  version "4.54.0"
  resolved "https://registry.npmjs.org/@rollup/rollup-linux-x64-gnu/-/rollup-linux-x64-gnu-4.54.0.tgz"
  integrity sha512-WGt5J8Ij/rvyqpFexxk3ffKqqbLf9AqrTBbWDk7ApGUzaIs6V+s2s84kAxklFwmMF/vBNGrVdYgbblCOFFezMQ==

"@types/estree@1.0.8":
  version "1.0.8"
  resolved "https://registry.npmjs.org/@types/estree/-/estree-1.0.8.tgz"
  integrity sha512-dWHzHa2WqEXI/O1E9OjrocMTKJl2mSrEolh1Iomrv6U+JuNwaHXsXx9bLu5gG7BUWFIN0skIQJQ/L1rIex4X6w==

abbrev@1:
  version "1.1.1"
  resolved "https://registry.npmjs.org/abbrev/-/abbrev-1.1.1.tgz"
  integrity sha512-nne9/IiQ/hzIhY6pdDnbBtz7DjPTKrY00P/zvPSm5pOFkl6xuGrGnXn/VtTNNfNtAfZ9/1RtehkszU9qcTii0Q==

classlist-polyfill@^1.0.1:
  version "1.2.0"
  resolved "https://registry.npmjs.org/classlist-polyfill/-/classlist-polyfill-1.2.0.tgz"
  integrity sha1-k1vC39lFiodrJ5YXUUY4vKqWSi4= sha512-GzIjNdcEtH4ieA2S8NmrSxv7DfEV5fmixQeyTmqmRmRJPGpRBaSnA2a0VrCjyT8iW8JjEdMbKzDotAJf+ajgaQ==

esbuild@^0.21.3:
  version "0.21.5"
  resolved "https://registry.npmjs.org/esbuild/-/esbuild-0.21.5.tgz"
  integrity sha512-mg3OPMV4hXywwpoDxu3Qda5xCKQi+vCTZq8S9J/EpkhB2HzKXq4SNFZE3+NK93JYxc8VMSep+lOUSC/RVKaBqw==
  optionalDependencies:
    "@esbuild/aix-ppc64" "0.21.5"
    "@esbuild/android-arm" "0.21.5"
    "@esbuild/android-arm64" "0.21.5"
    "@esbuild/android-x64" "0.21.5"
    "@esbuild/darwin-arm64" "0.21.5"
    "@esbuild/darwin-x64" "0.21.5"
    "@esbuild/freebsd-arm64" "0.21.5"
    "@esbuild/freebsd-x64" "0.21.5"
    "@esbuild/linux-arm" "0.21.5"
    "@esbuild/linux-arm64" "0.21.5"
    "@esbuild/linux-ia32" "0.21.5"
    "@esbuild/linux-loong64" "0.21.5"
    "@esbuild/linux-mips64el" "0.21.5"
    "@esbuild/linux-ppc64" "0.21.5"
    "@esbuild/linux-riscv64" "0.21.5"
    "@esbuild/linux-s390x" "0.21.5"
    "@esbuild/linux-x64" "0.21.5"
    "@esbuild/netbsd-x64" "0.21.5"
    "@esbuild/openbsd-x64" "0.21.5"
    "@esbuild/sunos-x64" "0.21.5"
    "@esbuild/win32-arm64" "0.21.5"
    "@esbuild/win32-ia32" "0.21.5"
    "@esbuild/win32-x64" "0.21.5"

markdown@^0.5.0:
  version "0.5.0"
  resolved "https://registry.npmjs.org/markdown/-/markdown-0.5.0.tgz"
  integrity sha1-KCBbVlqK51kt4gdGPWY33BgnIrI= sha512-ctGPIcuqsYoJ493sCtFK7H4UEgMWAUdXeBhPbdsg1W0LsV9yJELAHRsMmWfTgao6nH0/x5gf9FmsbxiXnrgaIQ==
  dependencies:
    nopt "~2.1.1"

mouse-wheel@^1.0.2:
  version "1.2.0"
  resolved "https://registry.npmjs.org/mouse-wheel/-/mouse-wheel-1.2.0.tgz"
  integrity sha1-bSkDseqPtI5h8bU7kDZ3PwQs21w= sha512-+OfYBiUOCTWcTECES49neZwL5AoGkXE+lFjIvzwNCnYRlso+EnfvovcBxGoyQ0yQt806eSPjS675K0EwWknXmw==
  dependencies:
    right-now "^1.0.0"
    signum "^1.0.0"
    to-px "^1.0.1"

nanoid@^3.3.11:
  version "3.3.11"
  resolved "https://registry.npmjs.org/nanoid/-/nanoid-3.3.11.tgz"
  integrity sha512-N8SpfPUnUp1bK+PMYW8qSWdl9U+wwNWI4QKxOYDy9JAro3WMX7p2OeVRF9v+347pnakNevPmiHhNmZ2HbFA76w==

nopt@~2.1.1:
  version "2.1.2"
  resolved "https://registry.npmjs.org/nopt/-/nopt-2.1.2.tgz"
  integrity sha1-bMzZd7gBMqB3MdbozljCyDA8+a8= sha512-x8vXm7BZ2jE1Txrxh/hO74HTuYZQEbo8edoRcANgdZ4+PCV+pbjd/xdummkmjjC7LU5EjPzlu8zEq/oxWylnKA==
  dependencies:
    abbrev "1"

parse-unit@^1.0.1:
  version "1.0.1"
  resolved "https://registry.npmjs.org/parse-unit/-/parse-unit-1.0.1.tgz"
  integrity sha1-fhu21b7zh0wo45JSaiVBFwKR7s8= sha512-hrqldJHokR3Qj88EIlV/kAyAi/G5R2+R56TBANxNMy0uPlYcttx0jnMW6Yx5KsKPSbC3KddM/7qQm3+0wEXKxg==

picocolors@^1.1.1:
  version "1.1.1"
  resolved "https://registry.npmjs.org/picocolors/-/picocolors-1.1.1.tgz"
  integrity sha512-xceH2snhtb5M9liqDsmEw56le376mTZkEX/jEb/RxNFyegNul7eNslCXP9FDj/Lcu0X8KEyMceP2ntpaHrDEVA==

postcss@^8.4.43:
  version "8.5.6"
  resolved "https://registry.npmjs.org/postcss/-/postcss-8.5.6.tgz"
  integrity sha512-3Ybi1tAuwAP9s0r1UQ2J4n5Y0G05bJkpUIO0/bI9MhwmD70S5aTWbXGBwxHrelT+XM1k6dM0pk+SwNkpTRN7Pg==
  dependencies:
    nanoid "^3.3.11"
    picocolors "^1.1.1"
    source-map-js "^1.2.1"

right-now@^1.0.0:
  version "1.0.0"
  resolved "https://registry.npmjs.org/right-now/-/right-now-1.0.0.tgz"
  integrity sha1-bolgne69fc2vja7Mmuo5z1haCRg= sha512-DA8+YS+sMIVpbsuKgy+Z67L9Lxb1p05mNxRpDPNksPDEFir4vmBlUtuN9jkTGn9YMMdlBuK7XQgFiz6ws+yhSg==

rollup@^4.20.0:
  version "4.54.0"
  resolved "https://registry.npmjs.org/rollup/-/rollup-4.54.0.tgz"
  integrity sha512-3nk8Y3a9Ea8szgKhinMlGMhGMw89mqule3KWczxhIzqudyHdCIOHw8WJlj/r329fACjKLEh13ZSk7oE22kyeIw==
  dependencies:
    "@types/estree" "1.0.8"
  optionalDependencies:
    "@rollup/rollup-android-arm-eabi" "4.54.0"
    "@rollup/rollup-android-arm64" "4.54.0"
    "@rollup/rollup-darwin-arm64" "4.54.0"
    "@rollup/rollup-darwin-x64" "4.54.0"
    "@rollup/rollup-freebsd-arm64" "4.54.0"
    "@rollup/rollup-freebsd-x64" "4.54.0"
    "@rollup/rollup-linux-arm-gnueabihf" "4.54.0"
    "@rollup/rollup-linux-arm-musleabihf" "4.54.0"
    "@rollup/rollup-linux-arm64-gnu" "4.54.0"
    "@rollup/rollup-linux-arm64-musl" "4.54.0"
    "@rollup/rollup-linux-loong64-gnu" "4.54.0"
    "@rollup/rollup-linux-ppc64-gnu" "4.54.0"
    "@rollup/rollup-linux-riscv64-gnu" "4.54.0"
    "@rollup/rollup-linux-riscv64-musl" "4.54.0"
    "@rollup/rollup-linux-s390x-gnu" "4.54.0"
    "@rollup/rollup-linux-x64-gnu" "4.54.0"
    "@rollup/rollup-linux-x64-musl" "4.54.0"
    "@rollup/rollup-openharmony-arm64" "4.54.0"
    "@rollup/rollup-win32-arm64-msvc" "4.54.0"
    "@rollup/rollup-win32-ia32-msvc" "4.54.0"
    "@rollup/rollup-win32-x64-gnu" "4.54.0"
    "@rollup/rollup-win32-x64-msvc" "4.54.0"
    fsevents "~2.3.2"

signum@^1.0.0:
  version "1.0.0"
  resolved "https://registry.npmjs.org/signum/-/signum-1.0.0.tgz"
  integrity sha1-dKfSvyogtA66FqkrFSEk8dVZ+nc= sha512-yodFGwcyt59XRh7w5W3jPcIQb3Bwi21suEfT7MAWnBX3iCdklJpgDgvGT9o04UonglZN5SNMfJFkHIR/jO8GHw==

source-map-js@^1.2.1:
  version "1.2.1"
  resolved "https://registry.npmjs.org/source-map-js/-/source-map-js-1.2.1.tgz"
  integrity sha512-UXWMKhLOwVKb728IUtQPXxfYU+usdybtUrK/8uGE8CQMvrhOpwvzDBwj0QhSL7MQc7vIsISBG8VQ8+IDQxpfQA==

to-px@^1.0.1:
  version "1.1.0"
  resolved "https://registry.npmjs.org/to-px/-/to-px-1.1.0.tgz"
  integrity sha512-bfg3GLYrGoEzrGoE05TAL/Uw+H/qrf2ptr9V3W7U0lkjjyYnIfgxmVLUfhQ1hZpIQwin81uxhDjvUkDYsC0xWw==
  dependencies:
    parse-unit "^1.0.1"

typescript@^5.3.3:
  version "5.9.3"
  resolved "https://registry.npmjs.org/typescript/-/typescript-5.9.3.tgz"
  integrity sha512-jl1vZzPDinLr9eUt3J/t7V6FgNEw9QjvBPdysz9KfQDD41fQrC2Y4vKQdiaUpFT4bXlb1RHhLpp8wtm6M5TgSw==

vite@^5.0.11:
  version "5.4.21"
  resolved "https://registry.npmjs.org/vite/-/vite-5.4.21.tgz"
  integrity sha512-o5a9xKjbtuhY6Bi5S3+HvbRERmouabWbyUcpXXUA1u+GNUKoROi9byOJ8M0nHbHYHkYICiMlqxkg1KkYmm25Sw==
  dependencies:
    esbuild "^0.21.3"
    postcss "^8.4.43"
    rollup "^4.20.0"
  optionalDependencies:
    fsevents "~2.3.3"
